// !$*UTF8*$!
{
	archiveVersion = 1;
	classes = {
	};
	objectVersion = 51;
	objects = {

/* Begin PBXBuildFile section */
		C9BFF5DD58D7AD8FD8E3F5C9 /* Pods_EventPageApp.framework in Frameworks */ = {isa = PBXBuildFile; fileRef = 55D6E929A42C18CF4F17D3D8 /* Pods_EventPageApp.framework */; };
		F10D7E98276A428F00C44723 /* AppDelegate.swift in Sources */ = {isa = PBXBuildFile; fileRef = F10D7E97276A428F00C44723 /* AppDelegate.swift */; };
		F10D7E9A276A428F00C44723 /* SceneDelegate.swift in Sources */ = {isa = PBXBuildFile; fileRef = F10D7E99276A428F00C44723 /* SceneDelegate.swift */; };
		F10D7E9C276A428F00C44723 /* ViewController.swift in Sources */ = {isa = PBXBuildFile; fileRef = F10D7E9B276A428F00C44723 /* ViewController.swift */; };
		F10D7E9F276A428F00C44723 /* Main.storyboard in Resources */ = {isa = PBXBuildFile; fileRef = F10D7E9D276A428F00C44723 /* Main.storyboard */; };
		F10D7EA1276A429000C44723 /* Assets.xcassets in Resources */ = {isa = PBXBuildFile; fileRef = F10D7EA0276A429000C44723 /* Assets.xcassets */; };
		F10D7EA4276A429000C44723 /* LaunchScreen.storyboard in Resources */ = {isa = PBXBuildFile; fileRef = F10D7EA2276A429000C44723 /* LaunchScreen.storyboard */; };
/* End PBXBuildFile section */

/* Begin PBXFileReference section */
		55D6E929A42C18CF4F17D3D8 /* Pods_EventPageApp.framework */ = {isa = PBXFileReference; explicitFileType = wrapper.framework; includeInIndex = 0; path = Pods_EventPageApp.framework; sourceTree = BUILT_PRODUCTS_DIR; };
		AA85BDBECE2F47F1312C06D2 /* Pods-EventPageApp.debug.xcconfig */ = {isa = PBXFileReference; includeInIndex = 1; lastKnownFileType = text.xcconfig; name = "Pods-EventPageApp.debug.xcconfig"; path = "Target Support Files/Pods-EventPageApp/Pods-EventPageApp.debug.xcconfig"; sourceTree = "<group>"; };
		C2C31C674C88C7399E287837 /* Pods-EventPageApp.release.xcconfig */ = {isa = PBXFileReference; includeInIndex = 1; lastKnownFileType = text.xcconfig; name = "Pods-EventPageApp.release.xcconfig"; path = "Target Support Files/Pods-EventPageApp/Pods-EventPageApp.release.xcconfig"; sourceTree = "<group>"; };
		F10D7E94276A428F00C44723 /* EventPageApp.app */ = {isa = PBXFileReference; explicitFileType = wrapper.application; includeInIndex = 0; path = EventPageApp.app; sourceTree = BUILT_PRODUCTS_DIR; };
		F10D7E97276A428F00C44723 /* AppDelegate.swift */ = {isa = PBXFileReference; lastKnownFileType = sourcecode.swift; path = AppDelegate.swift; sourceTree = "<group>"; };
		F10D7E99276A428F00C44723 /* SceneDelegate.swift */ = {isa = PBXFileReference; lastKnownFileType = sourcecode.swift; path = SceneDelegate.swift; sourceTree = "<group>"; };
		F10D7E9B276A428F00C44723 /* ViewController.swift */ = {isa = PBXFileReference; lastKnownFileType = sourcecode.swift; path = ViewController.swift; sourceTree = "<group>"; };
		F10D7E9E276A428F00C44723 /* Base */ = {isa = PBXFileReference; lastKnownFileType = file.storyboard; name = Base; path = Base.lproj/Main.storyboard; sourceTree = "<group>"; };
		F10D7EA0276A429000C44723 /* Assets.xcassets */ = {isa = PBXFileReference; lastKnownFileType = folder.assetcatalog; path = Assets.xcassets; sourceTree = "<group>"; };
		F10D7EA3276A429000C44723 /* Base */ = {isa = PBXFileReference; lastKnownFileType = file.storyboard; name = Base; path = Base.lproj/LaunchScreen.storyboard; sourceTree = "<group>"; };
		F10D7EA5276A429000C44723 /* Info.plist */ = {isa = PBXFileReference; lastKnownFileType = text.plist.xml; path = Info.plist; sourceTree = "<group>"; };
/* End PBXFileReference section */

/* Begin PBXFrameworksBuildPhase section */
		F10D7E91276A428F00C44723 /* Frameworks */ = {
			isa = PBXFrameworksBuildPhase;
			buildActionMask = 2147483647;
			files = (
				C9BFF5DD58D7AD8FD8E3F5C9 /* Pods_EventPageApp.framework in Frameworks */,
			);
			runOnlyForDeploymentPostprocessing = 0;
		};
/* End PBXFrameworksBuildPhase section */

/* Begin PBXGroup section */
		B91740C81656BA6BC2C4A71C /* Pods */ = {
			isa = PBXGroup;
			children = (
				AA85BDBECE2F47F1312C06D2 /* Pods-EventPageApp.debug.xcconfig */,
				C2C31C674C88C7399E287837 /* Pods-EventPageApp.release.xcconfig */,
			);
			path = Pods;
			sourceTree = "<group>";
		};
		EBE93AF8A52A351126383586 /* Frameworks */ = {
			isa = PBXGroup;
			children = (
				55D6E929A42C18CF4F17D3D8 /* Pods_EventPageApp.framework */,
			);
			name = Frameworks;
			sourceTree = "<group>";
		};
		F10D7E8B276A428F00C44723 = {
			isa = PBXGroup;
			children = (
				F10D7E96276A428F00C44723 /* EventPageApp */,
				F10D7E95276A428F00C44723 /* Products */,
				B91740C81656BA6BC2C4A71C /* Pods */,
				EBE93AF8A52A351126383586 /* Frameworks */,
			);
			sourceTree = "<group>";
		};
		F10D7E95276A428F00C44723 /* Products */ = {
			isa = PBXGroup;
			children = (
				F10D7E94276A428F00C44723 /* EventPageApp.app */,
			);
			name = Products;
			sourceTree = "<group>";
		};
		F10D7E96276A428F00C44723 /* EventPageApp */ = {
			isa = PBXGroup;
			children = (
				F10D7E97276A428F00C44723 /* AppDelegate.swift */,
				F10D7E99276A428F00C44723 /* SceneDelegate.swift */,
				F10D7EAD276A432D00C44723 /* Model */,
				F10D7EAC276A432400C44723 /* Controller */,
				F10D7EAB276A431D00C44723 /* View */,
				F10D7EA0276A429000C44723 /* Assets.xcassets */,
				F10D7EA2276A429000C44723 /* LaunchScreen.storyboard */,
				F10D7EA5276A429000C44723 /* Info.plist */,
			);
			path = EventPageApp;
			sourceTree = "<group>";
		};
		F10D7EAB276A431D00C44723 /* View */ = {
			isa = PBXGroup;
			children = (
				F10D7E9D276A428F00C44723 /* Main.storyboard */,
			);
			path = View;
			sourceTree = "<group>";
		};
		F10D7EAC276A432400C44723 /* Controller */ = {
			isa = PBXGroup;
			children = (
				F10D7E9B276A428F00C44723 /* ViewController.swift */,
			);
			path = Controller;
			sourceTree = "<group>";
		};
		F10D7EAD276A432D00C44723 /* Model */ = {
			isa = PBXGroup;
			children = (
			);
			path = Model;
			sourceTree = "<group>";
		};
/* End PBXGroup section */

/* Begin PBXNativeTarget section */
		F10D7E93276A428F00C44723 /* EventPageApp */ = {
			isa = PBXNativeTarget;
			buildConfigurationList = F10D7EA8276A429000C44723 /* Build configuration list for PBXNativeTarget "EventPageApp" */;
			buildPhases = (
				68FF371A19870478FA53EA68 /* [CP] Check Pods Manifest.lock */,
				F10D7E90276A428F00C44723 /* Sources */,
				F10D7E91276A428F00C44723 /* Frameworks */,
				F10D7E92276A428F00C44723 /* Resources */,
				78E7FC5AED0180A61820E93A /* [CP] Embed Pods Frameworks */,
			);
			buildRules = (
			);
			dependencies = (
			);
			name = EventPageApp;
			productName = EventPageApp;
			productReference = F10D7E94276A428F00C44723 /* EventPageApp.app */;
			productType = "com.apple.product-type.application";
		};
/* End PBXNativeTarget section */

/* Begin PBXProject section */
		F10D7E8C276A428F00C44723 /* Project object */ = {
			isa = PBXProject;
			attributes = {
				LastSwiftUpdateCheck = 1250;
				LastUpgradeCheck = 1250;
				TargetAttributes = {
					F10D7E93276A428F00C44723 = {
						CreatedOnToolsVersion = 12.5.1;
					};
				};
			};
			buildConfigurationList = F10D7E8F276A428F00C44723 /* Build configuration list for PBXProject "EventPageApp" */;
			compatibilityVersion = "Xcode 9.3";
			developmentRegion = en;
			hasScannedForEncodings = 0;
			knownRegions = (
				en,
				Base,
			);
			mainGroup = F10D7E8B276A428F00C44723;
			productRefGroup = F10D7E95276A428F00C44723 /* Products */;
			projectDirPath = "";
			projectRoot = "";
			targets = (
				F10D7E93276A428F00C44723 /* EventPageApp */,
			);
		};
/* End PBXProject section */

/* Begin PBXResourcesBuildPhase section */
		F10D7E92276A428F00C44723 /* Resources */ = {
			isa = PBXResourcesBuildPhase;
			buildActionMask = 2147483647;
			files = (
				F10D7EA4276A429000C44723 /* LaunchScreen.storyboard in Resources */,
				F10D7EA1276A429000C44723 /* Assets.xcassets in Resources */,
				F10D7E9F276A428F00C44723 /* Main.storyboard in Resources */,
			);
			runOnlyForDeploymentPostprocessing = 0;
		};
/* End PBXResourcesBuildPhase section */

/* Begin PBXShellScriptBuildPhase section */
		68FF371A19870478FA53EA68 /* [CP] Check Pods Manifest.lock */ = {
			isa = PBXShellScriptBuildPhase;
			buildActionMask = 2147483647;
			files = (
			);
			inputFileListPaths = (
			);
			inputPaths = (
				"${PODS_PODFILE_DIR_PATH}/Podfile.lock",
				"${PODS_ROOT}/Manifest.lock",
			);
			name = "[CP] Check Pods Manifest.lock";
			outputFileListPaths = (
			);
			outputPaths = (
				"$(DERIVED_FILE_DIR)/Pods-EventPageApp-checkManifestLockResult.txt",
			);
			runOnlyForDeploymentPostprocessing = 0;
			shellPath = /bin/sh;
			shellScript = "diff \"${PODS_PODFILE_DIR_PATH}/Podfile.lock\" \"${PODS_ROOT}/Manifest.lock\" > /dev/null\nif [ $? != 0 ] ; then\n    # print error to STDERR\n    echo \"error: The sandbox is not in sync with the Podfile.lock. Run 'pod install' or update your CocoaPods installation.\" >&2\n    exit 1\nfi\n# This output is used by Xcode 'outputs' to avoid re-running this script phase.\necho \"SUCCESS\" > \"${SCRIPT_OUTPUT_FILE_0}\"\n";
			showEnvVarsInLog = 0;
		};
		78E7FC5AED0180A61820E93A /* [CP] Embed Pods Frameworks */ = {
			isa = PBXShellScriptBuildPhase;
			buildActionMask = 2147483647;
			files = (
			);
			inputFileListPaths = (
				"${PODS_ROOT}/Target Support Files/Pods-EventPageApp/Pods-EventPageApp-frameworks-${CONFIGURATION}-input-files.xcfilelist",
			);
			name = "[CP] Embed Pods Frameworks";
			outputFileListPaths = (
				"${PODS_ROOT}/Target Support Files/Pods-EventPageApp/Pods-EventPageApp-frameworks-${CONFIGURATION}-output-files.xcfilelist",
			);
			runOnlyForDeploymentPostprocessing = 0;
			shellPath = /bin/sh;
			shellScript = "\"${PODS_ROOT}/Target Support Files/Pods-EventPageApp/Pods-EventPageApp-frameworks.sh\"\n";
			showEnvVarsInLog = 0;
		};
/* End PBXShellScriptBuildPhase section */

/* Begin PBXSourcesBuildPhase section */
		F10D7E90276A428F00C44723 /* Sources */ = {
			isa = PBXSourcesBuildPhase;
			buildActionMask = 2147483647;
			files = (
				F10D7E9C276A428F00C44723 /* ViewController.swift in Sources */,
				F10D7E98276A428F00C44723 /* AppDelegate.swift in Sources */,
				F10D7E9A276A428F00C44723 /* SceneDelegate.swift in Sources */,
			);
			runOnlyForDeploymentPostprocessing = 0;
		};
/* End PBXSourcesBuildPhase section */

/* Begin PBXVariantGroup section */
		F10D7E9D276A428F00C44723 /* Main.storyboard */ = {
			isa = PBXVariantGroup;
			children = (
				F10D7E9E276A428F00C44723 /* Base */,
			);
			name = Main.storyboard;
			sourceTree = "<group>";
		};
		F10D7EA2276A429000C44723 /* LaunchScreen.storyboard */ = {
			isa = PBXVariantGroup;
			children = (
				F10D7EA3276A429000C44723 /* Base */,
			);
			name = LaunchScreen.storyboard;
			sourceTree = "<group>";
		};
/* End PBXVariantGroup section */

/* Begin XCBuildConfiguration section */
		F10D7EA6276A429000C44723 /* Debug */ = {
			isa = XCBuildConfiguration;
			buildSettings = {
				ALWAYS_SEARCH_USER_PATHS = NO;
				CLANG_ANALYZER_NONNULL = YES;
				CLANG_ANALYZER_NUMBER_OBJECT_CONVERSION = YES_AGGRESSIVE;
				CLANG_CXX_LANGUAGE_STANDARD = "gnu++14";
				CLANG_CXX_LIBRARY = "libc++";
				CLANG_ENABLE_MODULES = YES;
				CLANG_ENABLE_OBJC_ARC = YES;
				CLANG_ENABLE_OBJC_WEAK = YES;
				CLANG_WARN_BLOCK_CAPTURE_AUTORELEASING = YES;
				CLANG_WARN_BOOL_CONVERSION = YES;
				CLANG_WARN_COMMA = YES;
				CLANG_WARN_CONSTANT_CONVERSION = YES;
				CLANG_WARN_DEPRECATED_OBJC_IMPLEMENTATIONS = YES;
				CLANG_WARN_DIRECT_OBJC_ISA_USAGE = YES_ERROR;
				CLANG_WARN_DOCUMENTATION_COMMENTS = YES;
				CLANG_WARN_EMPTY_BODY = YES;
				CLANG_WARN_ENUM_CONVERSION = YES;
				CLANG_WARN_INFINITE_RECURSION = YES;
				CLANG_WARN_INT_CONVERSION = YES;
				CLANG_WARN_NON_LITERAL_NULL_CONVERSION = YES;
				CLANG_WARN_OBJC_IMPLICIT_RETAIN_SELF = YES;
				CLANG_WARN_OBJC_LITERAL_CONVERSION = YES;
				CLANG_WARN_OBJC_ROOT_CLASS = YES_ERROR;
				CLANG_WARN_QUOTED_INCLUDE_IN_FRAMEWORK_HEADER = YES;
				CLANG_WARN_RANGE_LOOP_ANALYSIS = YES;
				CLANG_WARN_STRICT_PROTOTYPES = YES;
				CLANG_WARN_SUSPICIOUS_MOVE = YES;
				CLANG_WARN_UNGUARDED_AVAILABILITY = YES_AGGRESSIVE;
				CLANG_WARN_UNREACHABLE_CODE = YES;
				CLANG_WARN__DUPLICATE_METHOD_MATCH = YES;
				COPY_PHASE_STRIP = NO;
				DEBUG_INFORMATION_FORMAT = dwarf;
				ENABLE_STRICT_OBJC_MSGSEND = YES;
				ENABLE_TESTABILITY = YES;
				GCC_C_LANGUAGE_STANDARD = gnu11;
				GCC_DYNAMIC_NO_PIC = NO;
				GCC_NO_COMMON_BLOCKS = YES;
				GCC_OPTIMIZATION_LEVEL = 0;
				GCC_PREPROCESSOR_DEFINITIONS = (
					"DEBUG=1",
					"$(inherited)",
				);
				GCC_WARN_64_TO_32_BIT_CONVERSION = YES;
				GCC_WARN_ABOUT_RETURN_TYPE = YES_ERROR;
				GCC_WARN_UNDECLARED_SELECTOR = YES;
				GCC_WARN_UNINITIALIZED_AUTOS = YES_AGGRESSIVE;
				GCC_WARN_UNUSED_FUNCTION = YES;
				GCC_WARN_UNUSED_VARIABLE = YES;
				IPHONEOS_DEPLOYMENT_TARGET = 14.5;
				MTL_ENABLE_DEBUG_INFO = INCLUDE_SOURCE;
				MTL_FAST_MATH = YES;
				ONLY_ACTIVE_ARCH = YES;
				SDKROOT = iphoneos;
				SWIFT_ACTIVE_COMPILATION_CONDITIONS = DEBUG;
				SWIFT_OPTIMIZATION_LEVEL = "-Onone";
			};
			name = Debug;
		};
		F10D7EA7276A429000C44723 /* Release */ = {
			isa = XCBuildConfiguration;
			buildSettings = {
				ALWAYS_SEARCH_USER_PATHS = NO;
				CLANG_ANALYZER_NONNULL = YES;
				CLANG_ANALYZER_NUMBER_OBJECT_CONVERSION = YES_AGGRESSIVE;
				CLANG_CXX_LANGUAGE_STANDARD = "gnu++14";
				CLANG_CXX_LIBRARY = "libc++";
				CLANG_ENABLE_MODULES = YES;
				CLANG_ENABLE_OBJC_ARC = YES;
				CLANG_ENABLE_OBJC_WEAK = YES;
				CLANG_WARN_BLOCK_CAPTURE_AUTORELEASING = YES;
				CLANG_WARN_BOOL_CONVERSION = YES;
				CLANG_WARN_COMMA = YES;
				CLANG_WARN_CONSTANT_CONVERSION = YES;
				CLANG_WARN_DEPRECATED_OBJC_IMPLEMENTATIONS = YES;
				CLANG_WARN_DIRECT_OBJC_ISA_USAGE = YES_ERROR;
				CLANG_WARN_DOCUMENTATION_COMMENTS = YES;
				CLANG_WARN_EMPTY_BODY = YES;
				CLANG_WARN_ENUM_CONVERSION = YES;
				CLANG_WARN_INFINITE_RECURSION = YES;
				CLANG_WARN_INT_CONVERSION = YES;
				CLANG_WARN_NON_LITERAL_NULL_CONVERSION = YES;
				CLANG_WARN_OBJC_IMPLICIT_RETAIN_SELF = YES;
				CLANG_WARN_OBJC_LITERAL_CONVERSION = YES;
				CLANG_WARN_OBJC_ROOT_CLASS = YES_ERROR;
				CLANG_WARN_QUOTED_INCLUDE_IN_FRAMEWORK_HEADER = YES;
				CLANG_WARN_RANGE_LOOP_ANALYSIS = YES;
				CLANG_WARN_STRICT_PROTOTYPES = YES;
				CLANG_WARN_SUSPICIOUS_MOVE = YES;
				CLANG_WARN_UNGUARDED_AVAILABILITY = YES_AGGRESSIVE;
				CLANG_WARN_UNREACHABLE_CODE = YES;
				CLANG_WARN__DUPLICATE_METHOD_MATCH = YES;
				COPY_PHASE_STRIP = NO;
				DEBUG_INFORMATION_FORMAT = "dwarf-with-dsym";
				ENABLE_NS_ASSERTIONS = NO;
				ENABLE_STRICT_OBJC_MSGSEND = YES;
				GCC_C_LANGUAGE_STANDARD = gnu11;
				GCC_NO_COMMON_BLOCKS = YES;
				GCC_WARN_64_TO_32_BIT_CONVERSION = YES;
				GCC_WARN_ABOUT_RETURN_TYPE = YES_ERROR;
				GCC_WARN_UNDECLARED_SELECTOR = YES;
				GCC_WARN_UNINITIALIZED_AUTOS = YES_AGGRESSIVE;
				GCC_WARN_UNUSED_FUNCTION = YES;
				GCC_WARN_UNUSED_VARIABLE = YES;
				IPHONEOS_DEPLOYMENT_TARGET = 14.5;
				MTL_ENABLE_DEBUG_INFO = NO;
				MTL_FAST_MATH = YES;
				SDKROOT = iphoneos;
				SWIFT_COMPILATION_MODE = wholemodule;
				SWIFT_OPTIMIZATION_LEVEL = "-O";
				VALIDATE_PRODUCT = YES;
			};
			name = Release;
		};
		F10D7EA9276A429000C44723 /* Debug */ = {
			isa = XCBuildConfiguration;
			baseConfigurationReference = AA85BDBECE2F47F1312C06D2 /* Pods-EventPageApp.debug.xcconfig */;
			buildSettings = {
				ASSETCATALOG_COMPILER_APPICON_NAME = AppIcon;
				ASSETCATALOG_COMPILER_GLOBAL_ACCENT_COLOR_NAME = AccentColor;
				CODE_SIGN_STYLE = Automatic;
				INFOPLIST_FILE = EventPageApp/Info.plist;
				LD_RUNPATH_SEARCH_PATHS = (
					"$(inherited)",
					"@executable_path/Frameworks",
				);
				PRODUCT_BUNDLE_IDENTIFIER = co.godo.EventPageApp;
				PRODUCT_NAME = "$(TARGET_NAME)";
				SWIFT_VERSION = 5.0;
				TARGETED_DEVICE_FAMILY = "1,2";
			};
			name = Debug;
		};
		F10D7EAA276A429000C44723 /* Release */ = {
			isa = XCBuildConfiguration;
			baseConfigurationReference = C2C31C674C88C7399E287837 /* Pods-EventPageApp.release.xcconfig */;
			buildSettings = {
				ASSETCATALOG_COMPILER_APPICON_NAME = AppIcon;
				ASSETCATALOG_COMPILER_GLOBAL_ACCENT_COLOR_NAME = AccentColor;
				CODE_SIGN_STYLE = Automatic;
				INFOPLIST_FILE = EventPageApp/Info.plist;
				LD_RUNPATH_SEARCH_PATHS = (
					"$(inherited)",
					"@executable_path/Frameworks",
				);
				PRODUCT_BUNDLE_IDENTIFIER = co.godo.EventPageApp;
				PRODUCT_NAME = "$(TARGET_NAME)";
				SWIFT_VERSION = 5.0;
				TARGETED_DEVICE_FAMILY = "1,2";
			};
			name = Release;
		};
/* End XCBuildConfiguration section */

/* Begin XCConfigurationList section */
		F10D7E8F276A428F00C44723 /* Build configuration list for PBXProject "EventPageApp" */ = {
			isa = XCConfigurationList;
			buildConfigurations = (
				F10D7EA6276A429000C44723 /* Debug */,
				F10D7EA7276A429000C44723 /* Release */,
			);
			defaultConfigurationIsVisible = 0;
			defaultConfigurationName = Release;
		};
		F10D7EA8276A429000C44723 /* Build configuration list for PBXNativeTarget "EventPageApp" */ = {
			isa = XCConfigurationList;
			buildConfigurations = (
				F10D7EA9276A429000C44723 /* Debug */,
				F10D7EAA276A429000C44723 /* Release */,
			);
			defaultConfigurationIsVisible = 0;
			defaultConfigurationName = Release;
		};
/* End XCConfigurationList section */
	};
	rootObject = F10D7E8C276A428F00C44723 /* Project object */;
}
